
Microsoft Visual Studio Solution File, Format Version 12.00
# Visual Studio 15
VisualStudioVersion = 15.0.26228.10
MinimumVisualStudioVersion = 10.0.40219.1
Project("{FAE04EC0-301F-11D3-BF4B-00C04F79EFBC}") = "Leprechaun", "src\Leprechaun\Leprechaun.csproj", "{FA3E85A5-31ED-458F-A864-54FF20FAAE5F}"
EndProject
Project("{FAE04EC0-301F-11D3-BF4B-00C04F79EFBC}") = "Leprechaun.Tests", "src\Leprechaun.Tests\Leprechaun.Tests.csproj", "{35E11AFB-E613-4804-BD26-F928DE00EF39}"
EndProject
Project("{FAE04EC0-301F-11D3-BF4B-00C04F79EFBC}") = "Leprechaun.Console", "src\Leprechaun.Console\Leprechaun.Console.csproj", "{13EC2417-AE21-44D2-81EA-97514B140E92}"
EndProject
Project("{FAE04EC0-301F-11D3-BF4B-00C04F79EFBC}") = "Leprechaun.CodeGen.Roslyn", "src\Leprechaun.CodeGen.Roslyn\Leprechaun.CodeGen.Roslyn.csproj", "{36AA27E4-033F-40CF-9318-131791352CE2}"
EndProject
Project("{FAE04EC0-301F-11D3-BF4B-00C04F79EFBC}") = "Leprechaun.Console.Tests", "src\Leprechaun.Console.Tests\Leprechaun.Console.Tests.csproj", "{B6175FFB-5DF5-4CD4-8988-E439F13DD823}"
EndProject
Global
	GlobalSection(SolutionConfigurationPlatforms) = preSolution
		Debug|Any CPU = Debug|Any CPU
		Release|Any CPU = Release|Any CPU
	EndGlobalSection
	GlobalSection(ProjectConfigurationPlatforms) = postSolution
		{FA3E85A5-31ED-458F-A864-54FF20FAAE5F}.Debug|Any CPU.ActiveCfg = Debug|Any CPU
		{FA3E85A5-31ED-458F-A864-54FF20FAAE5F}.Debug|Any CPU.Build.0 = Debug|Any CPU
		{FA3E85A5-31ED-458F-A864-54FF20FAAE5F}.Release|Any CPU.ActiveCfg = Release|Any CPU
		{FA3E85A5-31ED-458F-A864-54FF20FAAE5F}.Release|Any CPU.Build.0 = Release|Any CPU
		{35E11AFB-E613-4804-BD26-F928DE00EF39}.Debug|Any CPU.ActiveCfg = Debug|Any CPU
		{35E11AFB-E613-4804-BD26-F928DE00EF39}.Debug|Any CPU.Build.0 = Debug|Any CPU
		{35E11AFB-E613-4804-BD26-F928DE00EF39}.Release|Any CPU.ActiveCfg = Release|Any CPU
		{35E11AFB-E613-4804-BD26-F928DE00EF39}.Release|Any CPU.Build.0 = Release|Any CPU
		{13EC2417-AE21-44D2-81EA-97514B140E92}.Debug|Any CPU.ActiveCfg = Debug|Any CPU
		{13EC2417-AE21-44D2-81EA-97514B140E92}.Debug|Any CPU.Build.0 = Debug|Any CPU
		{13EC2417-AE21-44D2-81EA-97514B140E92}.Release|Any CPU.ActiveCfg = Release|Any CPU
		{13EC2417-AE21-44D2-81EA-97514B140E92}.Release|Any CPU.Build.0 = Release|Any CPU
		{36AA27E4-033F-40CF-9318-131791352CE2}.Debug|Any CPU.ActiveCfg = Debug|Any CPU
		{36AA27E4-033F-40CF-9318-131791352CE2}.Debug|Any CPU.Build.0 = Debug|Any CPU
		{36AA27E4-033F-40CF-9318-131791352CE2}.Release|Any CPU.ActiveCfg = Release|Any CPU
		{36AA27E4-033F-40CF-9318-131791352CE2}.Release|Any CPU.Build.0 = Release|Any CPU
		{B6175FFB-5DF5-4CD4-8988-E439F13DD823}.Debug|Any CPU.ActiveCfg = Debug|Any CPU
		{B6175FFB-5DF5-4CD4-8988-E439F13DD823}.Debug|Any CPU.Build.0 = Debug|Any CPU
		{B6175FFB-5DF5-4CD4-8988-E439F13DD823}.Release|Any CPU.ActiveCfg = Release|Any CPU
		{B6175FFB-5DF5-4CD4-8988-E439F13DD823}.Release|Any CPU.Build.0 = Release|Any CPU
	EndGlobalSection
	GlobalSection(SolutionProperties) = preSolution
		HideSolutionNode = FALSE
	EndGlobalSection
	GlobalSection(ExtensibilityGlobals) = postSolution
		SolutionGuid = {9A806E6A-5823-47D6-A014-1628A99432E0}
	EndGlobalSection
EndGlobal
